
Microsoft Visual Studio Solution File, Format Version 12.00
# Visual Studio Version 17
VisualStudioVersion = 17.14.36915.13 d17.14
MinimumVisualStudioVersion = 10.0.40219.1
Project("{FAE04EC0-301F-11D3-BF4B-00C04F79EFBC}") = "Backend", "Backend.csproj", "{9FE576FE-9D8E-45BA-AD3F-4579E5947E3C}"
EndProject
Global
	GlobalSection(SolutionConfigurationPlatforms) = preSolution
		Debug|Any CPU = Debug|Any CPU
		Release|Any CPU = Release|Any CPU
	EndGlobalSection
	GlobalSection(ProjectConfigurationPlatforms) = postSolution
		{9FE576FE-9D8E-45BA-AD3F-4579E5947E3C}.Debug|Any CPU.ActiveCfg = Debug|Any CPU
		{9FE576FE-9D8E-45BA-AD3F-4579E5947E3C}.Debug|Any CPU.Build.0 = Debug|Any CPU
		{9FE576FE-9D8E-45BA-AD3F-4579E5947E3C}.Release|Any CPU.ActiveCfg = Release|Any CPU
		{9FE576FE-9D8E-45BA-AD3F-4579E5947E3C}.Release|Any CPU.Build.0 = Release|Any CPU
	EndGlobalSection
	GlobalSection(SolutionProperties) = preSolution
		HideSolutionNode = FALSE
	EndGlobalSection
	GlobalSection(ExtensibilityGlobals) = postSolution
		SolutionGuid = {7D7A0E5A-FEEA-4D78-9496-37B5BC13B17F}
	EndGlobalSection
EndGlobal
